
Microsoft Visual Studio Solution File, Format Version 12.00
# Visual Studio 14
VisualStudioVersion = 14.0.25420.1
MinimumVisualStudioVersion = 10.0.40219.1
Project("{FAE04EC0-301F-11D3-BF4B-00C04F79EFBC}") = "1. SoftUniCoffeeOrders", "1. SoftUniCoffeeOrders\1. SoftUniCoffeeOrders.csproj", "{B13D2002-4CD9-4913-AC23-20B6BFDBF487}"
EndProject
Project("{FAE04EC0-301F-11D3-BF4B-00C04F79EFBC}") = "2. CommandInterpreter", "2. CommandInterpreter\2. CommandInterpreter.csproj", "{168CB1DA-BB1C-412D-B508-D517D585AAB0}"
EndProject
Project("{FAE04EC0-301F-11D3-BF4B-00C04F79EFBC}") = "3. RageQuit", "3. RageQuit\3. RageQuit.csproj", "{5839236C-7992-4A9D-830B-A6CBEF935046}"
EndProject
Project("{FAE04EC0-301F-11D3-BF4B-00C04F79EFBC}") = "4. Files", "4. Files\4. Files.csproj", "{526BB45F-399E-4644-A078-3345B7E63093}"
EndProject
Global
	GlobalSection(SolutionConfigurationPlatforms) = preSolution
		Debug|Any CPU = Debug|Any CPU
		Release|Any CPU = Release|Any CPU
	EndGlobalSection
	GlobalSection(ProjectConfigurationPlatforms) = postSolution
		{B13D2002-4CD9-4913-AC23-20B6BFDBF487}.Debug|Any CPU.ActiveCfg = Debug|Any CPU
		{B13D2002-4CD9-4913-AC23-20B6BFDBF487}.Debug|Any CPU.Build.0 = Debug|Any CPU
		{B13D2002-4CD9-4913-AC23-20B6BFDBF487}.Release|Any CPU.ActiveCfg = Release|Any CPU
		{B13D2002-4CD9-4913-AC23-20B6BFDBF487}.Release|Any CPU.Build.0 = Release|Any CPU
		{168CB1DA-BB1C-412D-B508-D517D585AAB0}.Debug|Any CPU.ActiveCfg = Debug|Any CPU
		{168CB1DA-BB1C-412D-B508-D517D585AAB0}.Debug|Any CPU.Build.0 = Debug|Any CPU
		{168CB1DA-BB1C-412D-B508-D517D585AAB0}.Release|Any CPU.ActiveCfg = Release|Any CPU
		{168CB1DA-BB1C-412D-B508-D517D585AAB0}.Release|Any CPU.Build.0 = Release|Any CPU
		{5839236C-7992-4A9D-830B-A6CBEF935046}.Debug|Any CPU.ActiveCfg = Debug|Any CPU
		{5839236C-7992-4A9D-830B-A6CBEF935046}.Debug|Any CPU.Build.0 = Debug|Any CPU
		{5839236C-7992-4A9D-830B-A6CBEF935046}.Release|Any CPU.ActiveCfg = Release|Any CPU
		{5839236C-7992-4A9D-830B-A6CBEF935046}.Release|Any CPU.Build.0 = Release|Any CPU
		{526BB45F-399E-4644-A078-3345B7E63093}.Debug|Any CPU.ActiveCfg = Debug|Any CPU
		{526BB45F-399E-4644-A078-3345B7E63093}.Debug|Any CPU.Build.0 = Debug|Any CPU
		{526BB45F-399E-4644-A078-3345B7E63093}.Release|Any CPU.ActiveCfg = Release|Any CPU
		{526BB45F-399E-4644-A078-3345B7E63093}.Release|Any CPU.Build.0 = Release|Any CPU
	EndGlobalSection
	GlobalSection(SolutionProperties) = preSolution
		HideSolutionNode = FALSE
	EndGlobalSection
EndGlobal
